
Microsoft Visual Studio Solution File, Format Version 12.00
# Visual Studio Version 16
VisualStudioVersion = 16.0.31624.102
MinimumVisualStudioVersion = 10.0.40219.1
Project("{FAE04EC0-301F-11D3-BF4B-00C04F79EFBC}") = "NuGet", "NuGet\NuGet.csproj", "{7E211380-4485-4A94-A850-A1500BE760E8}"
EndProject
Project("{FAE04EC0-301F-11D3-BF4B-00C04F79EFBC}") = "ClassLibrary", "ClassLibrary\ClassLibrary.csproj", "{0952FF73-C83E-459D-B04C-A474870A7EE9}"
EndProject
Global
	GlobalSection(SolutionConfigurationPlatforms) = preSolution
		Debug|Any CPU = Debug|Any CPU
		Release|Any CPU = Release|Any CPU
	EndGlobalSection
	GlobalSection(ProjectConfigurationPlatforms) = postSolution
		{7E211380-4485-4A94-A850-A1500BE760E8}.Debug|Any CPU.ActiveCfg = Debug|Any CPU
		{7E211380-4485-4A94-A850-A1500BE760E8}.Debug|Any CPU.Build.0 = Debug|Any CPU
		{7E211380-4485-4A94-A850-A1500BE760E8}.Release|Any CPU.ActiveCfg = Release|Any CPU
		{7E211380-4485-4A94-A850-A1500BE760E8}.Release|Any CPU.Build.0 = Release|Any CPU
		{0952FF73-C83E-459D-B04C-A474870A7EE9}.Debug|Any CPU.ActiveCfg = Debug|Any CPU
		{0952FF73-C83E-459D-B04C-A474870A7EE9}.Debug|Any CPU.Build.0 = Debug|Any CPU
		{0952FF73-C83E-459D-B04C-A474870A7EE9}.Release|Any CPU.ActiveCfg = Release|Any CPU
		{0952FF73-C83E-459D-B04C-A474870A7EE9}.Release|Any CPU.Build.0 = Release|Any CPU
	EndGlobalSection
	GlobalSection(SolutionProperties) = preSolution
		HideSolutionNode = FALSE
	EndGlobalSection
	GlobalSection(ExtensibilityGlobals) = postSolution
		SolutionGuid = {19DB40B6-E897-49DA-9CDF-E5221EF5321C}
	EndGlobalSection
EndGlobal
